{
  "name": "@grimlink/eleventy-plugin-lucide-icons",
  "version": "2.1.13",
  "lockfileVersion": 3,
  "requires": true,
  "packages": {
    "": {
      "name": "@grimlink/eleventy-plugin-lucide-icons",
      "version": "2.1.13",
      "license": "MIT",
      "dependencies": {
        "lucide-static": "^1.7.0"
      }
    },
    "node_modules/lucide-static": {
      "version": "1.7.0",
      "resolved": "https://registry.npmjs.org/lucide-static/-/lucide-static-1.7.0.tgz",
      "integrity": "sha512-d2H0iplJoHN67x9mPUvIfsHhtsI3BRvhhzfreccj+0sHHf4TjHvPEaWHNMR5iMKAFq3HKVfzx3kb82L8sPp2rA==",
      "license": "ISC"
    }
  }
}
