{
  "name": "@grimlink/eleventy-plugin-lucide-icons",
  "version": "2.1.2",
  "lockfileVersion": 3,
  "requires": true,
  "packages": {
    "": {
      "name": "@grimlink/eleventy-plugin-lucide-icons",
      "version": "2.1.2",
      "license": "MIT",
      "dependencies": {
        "lucide-static": "^0.473.0"
      }
    },
    "node_modules/lucide-static": {
      "version": "0.473.0",
      "resolved": "https://registry.npmjs.org/lucide-static/-/lucide-static-0.473.0.tgz",
      "integrity": "sha512-fHDRD9De8oyAVXkcmHTtC4ENT6jGxcyey7y/wBLkKlLvU/+zhR2VnAcwA2Hvsa9TJIEizc06jdC7PWoboc6Mkg==",
      "license": "ISC"
    }
  }
}
