{
  "name": "@grimlink/eleventy-plugin-lucide-icons",
  "version": "1.0.0",
  "lockfileVersion": 3,
  "requires": true,
  "packages": {
    "": {
      "name": "@grimlink/eleventy-plugin-lucide-icons",
      "version": "1.0.0",
      "license": "MIT",
      "dependencies": {
        "lucide-static": "^0.118.0"
      }
    },
    "node_modules/lucide-static": {
      "version": "0.118.0",
      "resolved": "https://registry.npmjs.org/lucide-static/-/lucide-static-0.118.0.tgz",
      "integrity": "sha512-fdmN/pJvdost2w+3KpCusRz2grF1uUqlS3Xe0hAcxcd2epACqRSfEVrYjga3UWtrXRBK63a5+lJ1OcIaNqc7oA=="
    }
  }
}
